
Microsoft Visual Studio Solution File, Format Version 12.00
# Visual Studio Version 17
VisualStudioVersion = 17.5.33414.496
MinimumVisualStudioVersion = 10.0.40219.1
Project("{FAE04EC0-301F-11D3-BF4B-00C04F79EFBC}") = "FeedbackDiscipline.Android", "FeedbackDiscipline.Android\FeedbackDiscipline.Android.csproj", "{F3C9E7E9-7679-4727-B64C-0F584779EA83}"
EndProject
Project("{FAE04EC0-301F-11D3-BF4B-00C04F79EFBC}") = "FeedbackDiscipline.iOS", "FeedbackDiscipline.iOS\FeedbackDiscipline.iOS.csproj", "{6C32C706-5988-4556-A954-AAF2EE19D1A8}"
EndProject
Project("{FAE04EC0-301F-11D3-BF4B-00C04F79EFBC}") = "FeedbackDiscipline", "FeedbackDiscipline\FeedbackDiscipline.csproj", "{BD2BA80A-279D-4E83-B157-7B3DB1CBBF3D}"
EndProject
Global
	GlobalSection(SolutionConfigurationPlatforms) = preSolution
		Debug|Any CPU = Debug|Any CPU
		Debug|iPhone = Debug|iPhone
		Debug|iPhoneSimulator = Debug|iPhoneSimulator
		Release|Any CPU = Release|Any CPU
		Release|iPhone = Release|iPhone
		Release|iPhoneSimulator = Release|iPhoneSimulator
	EndGlobalSection
	GlobalSection(ProjectConfigurationPlatforms) = postSolution
		{F3C9E7E9-7679-4727-B64C-0F584779EA83}.Debug|Any CPU.ActiveCfg = Debug|Any CPU
		{F3C9E7E9-7679-4727-B64C-0F584779EA83}.Debug|Any CPU.Build.0 = Debug|Any CPU
		{F3C9E7E9-7679-4727-B64C-0F584779EA83}.Debug|Any CPU.Deploy.0 = Debug|Any CPU
		{F3C9E7E9-7679-4727-B64C-0F584779EA83}.Debug|iPhone.ActiveCfg = Debug|Any CPU
		{F3C9E7E9-7679-4727-B64C-0F584779EA83}.Debug|iPhone.Build.0 = Debug|Any CPU
		{F3C9E7E9-7679-4727-B64C-0F584779EA83}.Debug|iPhone.Deploy.0 = Debug|Any CPU
		{F3C9E7E9-7679-4727-B64C-0F584779EA83}.Debug|iPhoneSimulator.ActiveCfg = Debug|Any CPU
		{F3C9E7E9-7679-4727-B64C-0F584779EA83}.Debug|iPhoneSimulator.Build.0 = Debug|Any CPU
		{F3C9E7E9-7679-4727-B64C-0F584779EA83}.Debug|iPhoneSimulator.Deploy.0 = Debug|Any CPU
		{F3C9E7E9-7679-4727-B64C-0F584779EA83}.Release|Any CPU.ActiveCfg = Release|Any CPU
		{F3C9E7E9-7679-4727-B64C-0F584779EA83}.Release|Any CPU.Build.0 = Release|Any CPU
		{F3C9E7E9-7679-4727-B64C-0F584779EA83}.Release|Any CPU.Deploy.0 = Release|Any CPU
		{F3C9E7E9-7679-4727-B64C-0F584779EA83}.Release|iPhone.ActiveCfg = Release|Any CPU
		{F3C9E7E9-7679-4727-B64C-0F584779EA83}.Release|iPhone.Build.0 = Release|Any CPU
		{F3C9E7E9-7679-4727-B64C-0F584779EA83}.Release|iPhone.Deploy.0 = Release|Any CPU
		{F3C9E7E9-7679-4727-B64C-0F584779EA83}.Release|iPhoneSimulator.ActiveCfg = Release|Any CPU
		{F3C9E7E9-7679-4727-B64C-0F584779EA83}.Release|iPhoneSimulator.Build.0 = Release|Any CPU
		{F3C9E7E9-7679-4727-B64C-0F584779EA83}.Release|iPhoneSimulator.Deploy.0 = Release|Any CPU
		{6C32C706-5988-4556-A954-AAF2EE19D1A8}.Debug|Any CPU.ActiveCfg = Debug|iPhone
		{6C32C706-5988-4556-A954-AAF2EE19D1A8}.Debug|Any CPU.Build.0 = Debug|iPhone
		{6C32C706-5988-4556-A954-AAF2EE19D1A8}.Debug|Any CPU.Deploy.0 = Debug|iPhone
		{6C32C706-5988-4556-A954-AAF2EE19D1A8}.Debug|iPhone.ActiveCfg = Debug|iPhone
		{6C32C706-5988-4556-A954-AAF2EE19D1A8}.Debug|iPhone.Build.0 = Debug|iPhone
		{6C32C706-5988-4556-A954-AAF2EE19D1A8}.Debug|iPhone.Deploy.0 = Debug|iPhone
		{6C32C706-5988-4556-A954-AAF2EE19D1A8}.Debug|iPhoneSimulator.ActiveCfg = Debug|iPhoneSimulator
		{6C32C706-5988-4556-A954-AAF2EE19D1A8}.Debug|iPhoneSimulator.Build.0 = Debug|iPhoneSimulator
		{6C32C706-5988-4556-A954-AAF2EE19D1A8}.Debug|iPhoneSimulator.Deploy.0 = Debug|iPhoneSimulator
		{6C32C706-5988-4556-A954-AAF2EE19D1A8}.Release|Any CPU.ActiveCfg = Release|iPhoneSimulator
		{6C32C706-5988-4556-A954-AAF2EE19D1A8}.Release|Any CPU.Build.0 = Release|iPhoneSimulator
		{6C32C706-5988-4556-A954-AAF2EE19D1A8}.Release|Any CPU.Deploy.0 = Release|iPhoneSimulator
		{6C32C706-5988-4556-A954-AAF2EE19D1A8}.Release|iPhone.ActiveCfg = Release|iPhone
		{6C32C706-5988-4556-A954-AAF2EE19D1A8}.Release|iPhone.Build.0 = Release|iPhone
		{6C32C706-5988-4556-A954-AAF2EE19D1A8}.Release|iPhone.Deploy.0 = Release|iPhone
		{6C32C706-5988-4556-A954-AAF2EE19D1A8}.Release|iPhoneSimulator.ActiveCfg = Release|iPhoneSimulator
		{6C32C706-5988-4556-A954-AAF2EE19D1A8}.Release|iPhoneSimulator.Build.0 = Release|iPhoneSimulator
		{6C32C706-5988-4556-A954-AAF2EE19D1A8}.Release|iPhoneSimulator.Deploy.0 = Release|iPhoneSimulator
		{BD2BA80A-279D-4E83-B157-7B3DB1CBBF3D}.Debug|Any CPU.ActiveCfg = Debug|Any CPU
		{BD2BA80A-279D-4E83-B157-7B3DB1CBBF3D}.Debug|Any CPU.Build.0 = Debug|Any CPU
		{BD2BA80A-279D-4E83-B157-7B3DB1CBBF3D}.Debug|Any CPU.Deploy.0 = Debug|Any CPU
		{BD2BA80A-279D-4E83-B157-7B3DB1CBBF3D}.Debug|iPhone.ActiveCfg = Debug|Any CPU
		{BD2BA80A-279D-4E83-B157-7B3DB1CBBF3D}.Debug|iPhone.Build.0 = Debug|Any CPU
		{BD2BA80A-279D-4E83-B157-7B3DB1CBBF3D}.Debug|iPhone.Deploy.0 = Debug|Any CPU
		{BD2BA80A-279D-4E83-B157-7B3DB1CBBF3D}.Debug|iPhoneSimulator.ActiveCfg = Debug|Any CPU
		{BD2BA80A-279D-4E83-B157-7B3DB1CBBF3D}.Debug|iPhoneSimulator.Build.0 = Debug|Any CPU
		{BD2BA80A-279D-4E83-B157-7B3DB1CBBF3D}.Debug|iPhoneSimulator.Deploy.0 = Debug|Any CPU
		{BD2BA80A-279D-4E83-B157-7B3DB1CBBF3D}.Release|Any CPU.ActiveCfg = Release|Any CPU
		{BD2BA80A-279D-4E83-B157-7B3DB1CBBF3D}.Release|Any CPU.Build.0 = Release|Any CPU
		{BD2BA80A-279D-4E83-B157-7B3DB1CBBF3D}.Release|Any CPU.Deploy.0 = Release|Any CPU
		{BD2BA80A-279D-4E83-B157-7B3DB1CBBF3D}.Release|iPhone.ActiveCfg = Release|Any CPU
		{BD2BA80A-279D-4E83-B157-7B3DB1CBBF3D}.Release|iPhone.Build.0 = Release|Any CPU
		{BD2BA80A-279D-4E83-B157-7B3DB1CBBF3D}.Release|iPhone.Deploy.0 = Release|Any CPU
		{BD2BA80A-279D-4E83-B157-7B3DB1CBBF3D}.Release|iPhoneSimulator.ActiveCfg = Release|Any CPU
		{BD2BA80A-279D-4E83-B157-7B3DB1CBBF3D}.Release|iPhoneSimulator.Build.0 = Release|Any CPU
		{BD2BA80A-279D-4E83-B157-7B3DB1CBBF3D}.Release|iPhoneSimulator.Deploy.0 = Release|Any CPU
	EndGlobalSection
	GlobalSection(SolutionProperties) = preSolution
		HideSolutionNode = FALSE
	EndGlobalSection
	GlobalSection(ExtensibilityGlobals) = postSolution
		SolutionGuid = {22C2D773-8561-4A66-895B-FD962F23D535}
	EndGlobalSection
EndGlobal
